{
    "name": "adventofcode09",
    "version": "1.0.0",
    "lockfileVersion": 2,
    "requires": true,
    "packages": {
        "": {
            "name": "adventofcode09",
            "version": "1.0.0",
            "license": "ISC",
            "dependencies": {
                "matjs": "^0.0.5"
            }
        },
        "node_modules/matjs": {
            "version": "0.0.5",
            "resolved": "https://registry.npmjs.org/matjs/-/matjs-0.0.5.tgz",
            "integrity": "sha1-lCdig5K7xaEWTofZ414WEBBtPus="
        }
    },
    "dependencies": {
        "matjs": {
            "version": "0.0.5",
            "resolved": "https://registry.npmjs.org/matjs/-/matjs-0.0.5.tgz",
            "integrity": "sha1-lCdig5K7xaEWTofZ414WEBBtPus="
        }
    }
}
